// !$*UTF8*$!
{
	archiveVersion = 1;
	classes = {
	};
	objectVersion = 46;
	objects = {

/* Begin PBXBuildFile section */
		31F562431A60FF30007A9AE3 /* main.m in Sources */ = {isa = PBXBuildFile; fileRef = 31F562421A60FF30007A9AE3 /* main.m */; };
		31F562461A60FF30007A9AE3 /* AppDelegate.m in Sources */ = {isa = PBXBuildFile; fileRef = 31F562451A60FF30007A9AE3 /* AppDelegate.m */; };
		31F562491A60FF30007A9AE3 /* ViewController.m in Sources */ = {isa = PBXBuildFile; fileRef = 31F562481A60FF30007A9AE3 /* ViewController.m */; };
		31F5624E1A60FF30007A9AE3 /* Images.xcassets in Resources */ = {isa = PBXBuildFile; fileRef = 31F5624D1A60FF30007A9AE3 /* Images.xcassets */; };
		31F562511A60FF30007A9AE3 /* LaunchScreen.xib in Resources */ = {isa = PBXBuildFile; fileRef = 31F5624F1A60FF30007A9AE3 /* LaunchScreen.xib */; };
		31F5625D1A60FF30007A9AE3 /* E8_MilestoneTests.m in Sources */ = {isa = PBXBuildFile; fileRef = 31F5625C1A60FF30007A9AE3 /* E8_MilestoneTests.m */; };
		31F562681A610A5C007A9AE3 /* MyTableView.m in Sources */ = {isa = PBXBuildFile; fileRef = 31F562671A610A5C007A9AE3 /* MyTableView.m */; };
		31F5626B1A610EF8007A9AE3 /* DTItem.m in Sources */ = {isa = PBXBuildFile; fileRef = 31F5626A1A610EF8007A9AE3 /* DTItem.m */; };
		31F5626D1A6116FF007A9AE3 /* libsqlite3.dylib in Frameworks */ = {isa = PBXBuildFile; fileRef = 31F5626C1A6116FF007A9AE3 /* libsqlite3.dylib */; };
/* End PBXBuildFile section */

/* Begin PBXContainerItemProxy section */
		31F562571A60FF30007A9AE3 /* PBXContainerItemProxy */ = {
			isa = PBXContainerItemProxy;
			containerPortal = 31F562351A60FF30007A9AE3 /* Project object */;
			proxyType = 1;
			remoteGlobalIDString = 31F5623C1A60FF30007A9AE3;
			remoteInfo = E8.Milestone;
		};
/* End PBXContainerItemProxy section */

/* Begin PBXFileReference section */
		31F5623D1A60FF30007A9AE3 /* E8.Milestone.app */ = {isa = PBXFileReference; explicitFileType = wrapper.application; includeInIndex = 0; path = E8.Milestone.app; sourceTree = BUILT_PRODUCTS_DIR; };
		31F562411A60FF30007A9AE3 /* Info.plist */ = {isa = PBXFileReference; lastKnownFileType = text.plist.xml; path = Info.plist; sourceTree = "<group>"; };
		31F562421A60FF30007A9AE3 /* main.m */ = {isa = PBXFileReference; lastKnownFileType = sourcecode.c.objc; path = main.m; sourceTree = "<group>"; };
		31F562441A60FF30007A9AE3 /* AppDelegate.h */ = {isa = PBXFileReference; lastKnownFileType = sourcecode.c.h; path = AppDelegate.h; sourceTree = "<group>"; };
		31F562451A60FF30007A9AE3 /* AppDelegate.m */ = {isa = PBXFileReference; lastKnownFileType = sourcecode.c.objc; path = AppDelegate.m; sourceTree = "<group>"; };
		31F562471A60FF30007A9AE3 /* ViewController.h */ = {isa = PBXFileReference; lastKnownFileType = sourcecode.c.h; path = ViewController.h; sourceTree = "<group>"; };
		31F562481A60FF30007A9AE3 /* ViewController.m */ = {isa = PBXFileReference; lastKnownFileType = sourcecode.c.objc; path = ViewController.m; sourceTree = "<group>"; };
		31F5624D1A60FF30007A9AE3 /* Images.xcassets */ = {isa = PBXFileReference; lastKnownFileType = folder.assetcatalog; path = Images.xcassets; sourceTree = "<group>"; };
		31F562501A60FF30007A9AE3 /* Base */ = {isa = PBXFileReference; lastKnownFileType = file.xib; name = Base; path = Base.lproj/LaunchScreen.xib; sourceTree = "<group>"; };
		31F562561A60FF30007A9AE3 /* E8.MilestoneTests.xctest */ = {isa = PBXFileReference; explicitFileType = wrapper.cfbundle; includeInIndex = 0; path = E8.MilestoneTests.xctest; sourceTree = BUILT_PRODUCTS_DIR; };
		31F5625B1A60FF30007A9AE3 /* Info.plist */ = {isa = PBXFileReference; lastKnownFileType = text.plist.xml; path = Info.plist; sourceTree = "<group>"; };
		31F5625C1A60FF30007A9AE3 /* E8_MilestoneTests.m */ = {isa = PBXFileReference; lastKnownFileType = sourcecode.c.objc; path = E8_MilestoneTests.m; sourceTree = "<group>"; };
		31F562661A610A5C007A9AE3 /* MyTableView.h */ = {isa = PBXFileReference; fileEncoding = 4; lastKnownFileType = sourcecode.c.h; path = MyTableView.h; sourceTree = "<group>"; };
		31F562671A610A5C007A9AE3 /* MyTableView.m */ = {isa = PBXFileReference; fileEncoding = 4; lastKnownFileType = sourcecode.c.objc; path = MyTableView.m; sourceTree = "<group>"; };
		31F562691A610EF8007A9AE3 /* DTItem.h */ = {isa = PBXFileReference; fileEncoding = 4; lastKnownFileType = sourcecode.c.h; path = DTItem.h; sourceTree = "<group>"; };
		31F5626A1A610EF8007A9AE3 /* DTItem.m */ = {isa = PBXFileReference; fileEncoding = 4; lastKnownFileType = sourcecode.c.objc; path = DTItem.m; sourceTree = "<group>"; };
		31F5626C1A6116FF007A9AE3 /* libsqlite3.dylib */ = {isa = PBXFileReference; lastKnownFileType = "compiled.mach-o.dylib"; name = libsqlite3.dylib; path = usr/lib/libsqlite3.dylib; sourceTree = SDKROOT; };
/* End PBXFileReference section */

/* Begin PBXFrameworksBuildPhase section */
		31F5623A1A60FF30007A9AE3 /* Frameworks */ = {
			isa = PBXFrameworksBuildPhase;
			buildActionMask = 2147483647;
			files = (
				31F5626D1A6116FF007A9AE3 /* libsqlite3.dylib in Frameworks */,
			);
			runOnlyForDeploymentPostprocessing = 0;
		};
		31F562531A60FF30007A9AE3 /* Frameworks */ = {
			isa = PBXFrameworksBuildPhase;
			buildActionMask = 2147483647;
			files = (
			);
			runOnlyForDeploymentPostprocessing = 0;
		};
/* End PBXFrameworksBuildPhase section */

/* Begin PBXGroup section */
		31F562341A60FF30007A9AE3 = {
			isa = PBXGroup;
			children = (
				31F5626C1A6116FF007A9AE3 /* libsqlite3.dylib */,
				31F5623F1A60FF30007A9AE3 /* E8.Milestone */,
				31F562591A60FF30007A9AE3 /* E8.MilestoneTests */,
				31F5623E1A60FF30007A9AE3 /* Products */,
			);
			sourceTree = "<group>";
		};
		31F5623E1A60FF30007A9AE3 /* Products */ = {
			isa = PBXGroup;
			children = (
				31F5623D1A60FF30007A9AE3 /* E8.Milestone.app */,
				31F562561A60FF30007A9AE3 /* E8.MilestoneTests.xctest */,
			);
			name = Products;
			sourceTree = "<group>";
		};
		31F5623F1A60FF30007A9AE3 /* E8.Milestone */ = {
			isa = PBXGroup;
			children = (
				31F562691A610EF8007A9AE3 /* DTItem.h */,
				31F5626A1A610EF8007A9AE3 /* DTItem.m */,
				31F562441A60FF30007A9AE3 /* AppDelegate.h */,
				31F562451A60FF30007A9AE3 /* AppDelegate.m */,
				31F562471A60FF30007A9AE3 /* ViewController.h */,
				31F562481A60FF30007A9AE3 /* ViewController.m */,
				31F562661A610A5C007A9AE3 /* MyTableView.h */,
				31F562671A610A5C007A9AE3 /* MyTableView.m */,
				31F5624D1A60FF30007A9AE3 /* Images.xcassets */,
				31F5624F1A60FF30007A9AE3 /* LaunchScreen.xib */,
				31F562401A60FF30007A9AE3 /* Supporting Files */,
			);
			path = E8.Milestone;
			sourceTree = "<group>";
		};
		31F562401A60FF30007A9AE3 /* Supporting Files */ = {
			isa = PBXGroup;
			children = (
				31F562411A60FF30007A9AE3 /* Info.plist */,
				31F562421A60FF30007A9AE3 /* main.m */,
			);
			name = "Supporting Files";
			sourceTree = "<group>";
		};
		31F562591A60FF30007A9AE3 /* E8.MilestoneTests */ = {
			isa = PBXGroup;
			children = (
				31F5625C1A60FF30007A9AE3 /* E8_MilestoneTests.m */,
				31F5625A1A60FF30007A9AE3 /* Supporting Files */,
			);
			path = E8.MilestoneTests;
			sourceTree = "<group>";
		};
		31F5625A1A60FF30007A9AE3 /* Supporting Files */ = {
			isa = PBXGroup;
			children = (
				31F5625B1A60FF30007A9AE3 /* Info.plist */,
			);
			name = "Supporting Files";
			sourceTree = "<group>";
		};
/* End PBXGroup section */

/* Begin PBXNativeTarget section */
		31F5623C1A60FF30007A9AE3 /* E8.Milestone */ = {
			isa = PBXNativeTarget;
			buildConfigurationList = 31F562601A60FF30007A9AE3 /* Build configuration list for PBXNativeTarget "E8.Milestone" */;
			buildPhases = (
				31F562391A60FF30007A9AE3 /* Sources */,
				31F5623A1A60FF30007A9AE3 /* Frameworks */,
				31F5623B1A60FF30007A9AE3 /* Resources */,
			);
			buildRules = (
			);
			dependencies = (
			);
			name = E8.Milestone;
			productName = E8.Milestone;
			productReference = 31F5623D1A60FF30007A9AE3 /* E8.Milestone.app */;
			productType = "com.apple.product-type.application";
		};
		31F562551A60FF30007A9AE3 /* E8.MilestoneTests */ = {
			isa = PBXNativeTarget;
			buildConfigurationList = 31F562631A60FF30007A9AE3 /* Build configuration list for PBXNativeTarget "E8.MilestoneTests" */;
			buildPhases = (
				31F562521A60FF30007A9AE3 /* Sources */,
				31F562531A60FF30007A9AE3 /* Frameworks */,
				31F562541A60FF30007A9AE3 /* Resources */,
			);
			buildRules = (
			);
			dependencies = (
				31F562581A60FF30007A9AE3 /* PBXTargetDependency */,
			);
			name = E8.MilestoneTests;
			productName = E8.MilestoneTests;
			productReference = 31F562561A60FF30007A9AE3 /* E8.MilestoneTests.xctest */;
			productType = "com.apple.product-type.bundle.unit-test";
		};
/* End PBXNativeTarget section */

/* Begin PBXProject section */
		31F562351A60FF30007A9AE3 /* Project object */ = {
			isa = PBXProject;
			attributes = {
				LastUpgradeCheck = 0610;
				ORGANIZATIONNAME = MYGOD;
				TargetAttributes = {
					31F5623C1A60FF30007A9AE3 = {
						CreatedOnToolsVersion = 6.1.1;
					};
					31F562551A60FF30007A9AE3 = {
						CreatedOnToolsVersion = 6.1.1;
						TestTargetID = 31F5623C1A60FF30007A9AE3;
					};
				};
			};
			buildConfigurationList = 31F562381A60FF30007A9AE3 /* Build configuration list for PBXProject "E8.Milestone" */;
			compatibilityVersion = "Xcode 3.2";
			developmentRegion = English;
			hasScannedForEncodings = 0;
			knownRegions = (
				en,
				Base,
			);
			mainGroup = 31F562341A60FF30007A9AE3;
			productRefGroup = 31F5623E1A60FF30007A9AE3 /* Products */;
			projectDirPath = "";
			projectRoot = "";
			targets = (
				31F5623C1A60FF30007A9AE3 /* E8.Milestone */,
				31F562551A60FF30007A9AE3 /* E8.MilestoneTests */,
			);
		};
/* End PBXProject section */

/* Begin PBXResourcesBuildPhase section */
		31F5623B1A60FF30007A9AE3 /* Resources */ = {
			isa = PBXResourcesBuildPhase;
			buildActionMask = 2147483647;
			files = (
				31F562511A60FF30007A9AE3 /* LaunchScreen.xib in Resources */,
				31F5624E1A60FF30007A9AE3 /* Images.xcassets in Resources */,
			);
			runOnlyForDeploymentPostprocessing = 0;
		};
		31F562541A60FF30007A9AE3 /* Resources */ = {
			isa = PBXResourcesBuildPhase;
			buildActionMask = 2147483647;
			files = (
			);
			runOnlyForDeploymentPostprocessing = 0;
		};
/* End PBXResourcesBuildPhase section */

/* Begin PBXSourcesBuildPhase section */
		31F562391A60FF30007A9AE3 /* Sources */ = {
			isa = PBXSourcesBuildPhase;
			buildActionMask = 2147483647;
			files = (
				31F562491A60FF30007A9AE3 /* ViewController.m in Sources */,
				31F562681A610A5C007A9AE3 /* MyTableView.m in Sources */,
				31F562461A60FF30007A9AE3 /* AppDelegate.m in Sources */,
				31F562431A60FF30007A9AE3 /* main.m in Sources */,
				31F5626B1A610EF8007A9AE3 /* DTItem.m in Sources */,
			);
			runOnlyForDeploymentPostprocessing = 0;
		};
		31F562521A60FF30007A9AE3 /* Sources */ = {
			isa = PBXSourcesBuildPhase;
			buildActionMask = 2147483647;
			files = (
				31F5625D1A60FF30007A9AE3 /* E8_MilestoneTests.m in Sources */,
			);
			runOnlyForDeploymentPostprocessing = 0;
		};
/* End PBXSourcesBuildPhase section */

/* Begin PBXTargetDependency section */
		31F562581A60FF30007A9AE3 /* PBXTargetDependency */ = {
			isa = PBXTargetDependency;
			target = 31F5623C1A60FF30007A9AE3 /* E8.Milestone */;
			targetProxy = 31F562571A60FF30007A9AE3 /* PBXContainerItemProxy */;
		};
/* End PBXTargetDependency section */

/* Begin PBXVariantGroup section */
		31F5624F1A60FF30007A9AE3 /* LaunchScreen.xib */ = {
			isa = PBXVariantGroup;
			children = (
				31F562501A60FF30007A9AE3 /* Base */,
			);
			name = LaunchScreen.xib;
			sourceTree = "<group>";
		};
/* End PBXVariantGroup section */

/* Begin XCBuildConfiguration section */
		31F5625E1A60FF30007A9AE3 /* Debug */ = {
			isa = XCBuildConfiguration;
			buildSettings = {
				ALWAYS_SEARCH_USER_PATHS = NO;
				CLANG_CXX_LANGUAGE_STANDARD = "gnu++0x";
				CLANG_CXX_LIBRARY = "libc++";
				CLANG_ENABLE_MODULES = YES;
				CLANG_ENABLE_OBJC_ARC = YES;
				CLANG_WARN_BOOL_CONVERSION = YES;
				CLANG_WARN_CONSTANT_CONVERSION = YES;
				CLANG_WARN_DIRECT_OBJC_ISA_USAGE = YES_ERROR;
				CLANG_WARN_EMPTY_BODY = YES;
				CLANG_WARN_ENUM_CONVERSION = YES;
				CLANG_WARN_INT_CONVERSION = YES;
				CLANG_WARN_OBJC_ROOT_CLASS = YES_ERROR;
				CLANG_WARN_UNREACHABLE_CODE = YES;
				CLANG_WARN__DUPLICATE_METHOD_MATCH = YES;
				"CODE_SIGN_IDENTITY[sdk=iphoneos*]" = "iPhone Developer";
				COPY_PHASE_STRIP = NO;
				ENABLE_STRICT_OBJC_MSGSEND = YES;
				GCC_C_LANGUAGE_STANDARD = gnu99;
				GCC_DYNAMIC_NO_PIC = NO;
				GCC_OPTIMIZATION_LEVEL = 0;
				GCC_PREPROCESSOR_DEFINITIONS = (
					"DEBUG=1",
					"$(inherited)",
				);
				GCC_SYMBOLS_PRIVATE_EXTERN = NO;
				GCC_WARN_64_TO_32_BIT_CONVERSION = YES;
				GCC_WARN_ABOUT_RETURN_TYPE = YES_ERROR;
				GCC_WARN_UNDECLARED_SELECTOR = YES;
				GCC_WARN_UNINITIALIZED_AUTOS = YES_AGGRESSIVE;
				GCC_WARN_UNUSED_FUNCTION = YES;
				GCC_WARN_UNUSED_VARIABLE = YES;
				IPHONEOS_DEPLOYMENT_TARGET = 8.1;
				MTL_ENABLE_DEBUG_INFO = YES;
				ONLY_ACTIVE_ARCH = YES;
				SDKROOT = iphoneos;
			};
			name = Debug;
		};
		31F5625F1A60FF30007A9AE3 /* Release */ = {
			isa = XCBuildConfiguration;
			buildSettings = {
				ALWAYS_SEARCH_USER_PATHS = NO;
				CLANG_CXX_LANGUAGE_STANDARD = "gnu++0x";
				CLANG_CXX_LIBRARY = "libc++";
				CLANG_ENABLE_MODULES = YES;
				CLANG_ENABLE_OBJC_ARC = YES;
				CLANG_WARN_BOOL_CONVERSION = YES;
				CLANG_WARN_CONSTANT_CONVERSION = YES;
				CLANG_WARN_DIRECT_OBJC_ISA_USAGE = YES_ERROR;
				CLANG_WARN_EMPTY_BODY = YES;
				CLANG_WARN_ENUM_CONVERSION = YES;
				CLANG_WARN_INT_CONVERSION = YES;
				CLANG_WARN_OBJC_ROOT_CLASS = YES_ERROR;
				CLANG_WARN_UNREACHABLE_CODE = YES;
				CLANG_WARN__DUPLICATE_METHOD_MATCH = YES;
				"CODE_SIGN_IDENTITY[sdk=iphoneos*]" = "iPhone Developer";
				COPY_PHASE_STRIP = YES;
				ENABLE_NS_ASSERTIONS = NO;
				ENABLE_STRICT_OBJC_MSGSEND = YES;
				GCC_C_LANGUAGE_STANDARD = gnu99;
				GCC_WARN_64_TO_32_BIT_CONVERSION = YES;
				GCC_WARN_ABOUT_RETURN_TYPE = YES_ERROR;
				GCC_WARN_UNDECLARED_SELECTOR = YES;
				GCC_WARN_UNINITIALIZED_AUTOS = YES_AGGRESSIVE;
				GCC_WARN_UNUSED_FUNCTION = YES;
				GCC_WARN_UNUSED_VARIABLE = YES;
				IPHONEOS_DEPLOYMENT_TARGET = 8.1;
				MTL_ENABLE_DEBUG_INFO = NO;
				SDKROOT = iphoneos;
				VALIDATE_PRODUCT = YES;
			};
			name = Release;
		};
		31F562611A60FF30007A9AE3 /* Debug */ = {
			isa = XCBuildConfiguration;
			buildSettings = {
				ASSETCATALOG_COMPILER_APPICON_NAME = AppIcon;
				INFOPLIST_FILE = E8.Milestone/Info.plist;
				LD_RUNPATH_SEARCH_PATHS = "$(inherited) @executable_path/Frameworks";
				PRODUCT_NAME = "$(TARGET_NAME)";
			};
			name = Debug;
		};
		31F562621A60FF30007A9AE3 /* Release */ = {
			isa = XCBuildConfiguration;
			buildSettings = {
				ASSETCATALOG_COMPILER_APPICON_NAME = AppIcon;
				INFOPLIST_FILE = E8.Milestone/Info.plist;
				LD_RUNPATH_SEARCH_PATHS = "$(inherited) @executable_path/Frameworks";
				PRODUCT_NAME = "$(TARGET_NAME)";
			};
			name = Release;
		};
		31F562641A60FF30007A9AE3 /* Debug */ = {
			isa = XCBuildConfiguration;
			buildSettings = {
				BUNDLE_LOADER = "$(TEST_HOST)";
				FRAMEWORK_SEARCH_PATHS = (
					"$(SDKROOT)/Developer/Library/Frameworks",
					"$(inherited)",
				);
				GCC_PREPROCESSOR_DEFINITIONS = (
					"DEBUG=1",
					"$(inherited)",
				);
				INFOPLIST_FILE = E8.MilestoneTests/Info.plist;
				LD_RUNPATH_SEARCH_PATHS = "$(inherited) @executable_path/Frameworks @loader_path/Frameworks";
				PRODUCT_NAME = "$(TARGET_NAME)";
				TEST_HOST = "$(BUILT_PRODUCTS_DIR)/E8.Milestone.app/E8.Milestone";
			};
			name = Debug;
		};
		31F562651A60FF30007A9AE3 /* Release */ = {
			isa = XCBuildConfiguration;
			buildSettings = {
				BUNDLE_LOADER = "$(TEST_HOST)";
				FRAMEWORK_SEARCH_PATHS = (
					"$(SDKROOT)/Developer/Library/Frameworks",
					"$(inherited)",
				);
				INFOPLIST_FILE = E8.MilestoneTests/Info.plist;
				LD_RUNPATH_SEARCH_PATHS = "$(inherited) @executable_path/Frameworks @loader_path/Frameworks";
				PRODUCT_NAME = "$(TARGET_NAME)";
				TEST_HOST = "$(BUILT_PRODUCTS_DIR)/E8.Milestone.app/E8.Milestone";
			};
			name = Release;
		};
/* End XCBuildConfiguration section */

/* Begin XCConfigurationList section */
		31F562381A60FF30007A9AE3 /* Build configuration list for PBXProject "E8.Milestone" */ = {
			isa = XCConfigurationList;
			buildConfigurations = (
				31F5625E1A60FF30007A9AE3 /* Debug */,
				31F5625F1A60FF30007A9AE3 /* Release */,
			);
			defaultConfigurationIsVisible = 0;
			defaultConfigurationName = Release;
		};
		31F562601A60FF30007A9AE3 /* Build configuration list for PBXNativeTarget "E8.Milestone" */ = {
			isa = XCConfigurationList;
			buildConfigurations = (
				31F562611A60FF30007A9AE3 /* Debug */,
				31F562621A60FF30007A9AE3 /* Release */,
			);
			defaultConfigurationIsVisible = 0;
		};
		31F562631A60FF30007A9AE3 /* Build configuration list for PBXNativeTarget "E8.MilestoneTests" */ = {
			isa = XCConfigurationList;
			buildConfigurations = (
				31F562641A60FF30007A9AE3 /* Debug */,
				31F562651A60FF30007A9AE3 /* Release */,
			);
			defaultConfigurationIsVisible = 0;
		};
/* End XCConfigurationList section */
	};
	rootObject = 31F562351A60FF30007A9AE3 /* Project object */;
}
