// !$*UTF8*$!
{
	archiveVersion = 1;
	classes = {
	};
	objectVersion = 46;
	objects = {

/* Begin PBXBuildFile section */
		311382771A53A85D0004F895 /* main.m in Sources */ = {isa = PBXBuildFile; fileRef = 311382761A53A85D0004F895 /* main.m */; };
		3113827A1A53A85D0004F895 /* AppDelegate.m in Sources */ = {isa = PBXBuildFile; fileRef = 311382791A53A85D0004F895 /* AppDelegate.m */; };
		3113827D1A53A85D0004F895 /* ViewController.m in Sources */ = {isa = PBXBuildFile; fileRef = 3113827C1A53A85D0004F895 /* ViewController.m */; };
		311382801A53A85D0004F895 /* Main.storyboard in Resources */ = {isa = PBXBuildFile; fileRef = 3113827E1A53A85D0004F895 /* Main.storyboard */; };
		311382821A53A85D0004F895 /* Images.xcassets in Resources */ = {isa = PBXBuildFile; fileRef = 311382811A53A85D0004F895 /* Images.xcassets */; };
		311382851A53A85D0004F895 /* LaunchScreen.xib in Resources */ = {isa = PBXBuildFile; fileRef = 311382831A53A85D0004F895 /* LaunchScreen.xib */; };
		311382911A53A85D0004F895 /* E1_HelloWorldTests.m in Sources */ = {isa = PBXBuildFile; fileRef = 311382901A53A85D0004F895 /* E1_HelloWorldTests.m */; };
/* End PBXBuildFile section */

/* Begin PBXContainerItemProxy section */
		3113828B1A53A85D0004F895 /* PBXContainerItemProxy */ = {
			isa = PBXContainerItemProxy;
			containerPortal = 311382691A53A85D0004F895 /* Project object */;
			proxyType = 1;
			remoteGlobalIDString = 311382701A53A85D0004F895;
			remoteInfo = E1.HelloWorld;
		};
/* End PBXContainerItemProxy section */

/* Begin PBXFileReference section */
		311382711A53A85D0004F895 /* E1.HelloWorld.app */ = {isa = PBXFileReference; explicitFileType = wrapper.application; includeInIndex = 0; path = E1.HelloWorld.app; sourceTree = BUILT_PRODUCTS_DIR; };
		311382751A53A85D0004F895 /* Info.plist */ = {isa = PBXFileReference; lastKnownFileType = text.plist.xml; path = Info.plist; sourceTree = "<group>"; };
		311382761A53A85D0004F895 /* main.m */ = {isa = PBXFileReference; lastKnownFileType = sourcecode.c.objc; path = main.m; sourceTree = "<group>"; };
		311382781A53A85D0004F895 /* AppDelegate.h */ = {isa = PBXFileReference; lastKnownFileType = sourcecode.c.h; path = AppDelegate.h; sourceTree = "<group>"; };
		311382791A53A85D0004F895 /* AppDelegate.m */ = {isa = PBXFileReference; lastKnownFileType = sourcecode.c.objc; path = AppDelegate.m; sourceTree = "<group>"; };
		3113827B1A53A85D0004F895 /* ViewController.h */ = {isa = PBXFileReference; lastKnownFileType = sourcecode.c.h; path = ViewController.h; sourceTree = "<group>"; };
		3113827C1A53A85D0004F895 /* ViewController.m */ = {isa = PBXFileReference; lastKnownFileType = sourcecode.c.objc; path = ViewController.m; sourceTree = "<group>"; };
		3113827F1A53A85D0004F895 /* Base */ = {isa = PBXFileReference; lastKnownFileType = file.storyboard; name = Base; path = Base.lproj/Main.storyboard; sourceTree = "<group>"; };
		311382811A53A85D0004F895 /* Images.xcassets */ = {isa = PBXFileReference; lastKnownFileType = folder.assetcatalog; path = Images.xcassets; sourceTree = "<group>"; };
		311382841A53A85D0004F895 /* Base */ = {isa = PBXFileReference; lastKnownFileType = file.xib; name = Base; path = Base.lproj/LaunchScreen.xib; sourceTree = "<group>"; };
		3113828A1A53A85D0004F895 /* E1.HelloWorldTests.xctest */ = {isa = PBXFileReference; explicitFileType = wrapper.cfbundle; includeInIndex = 0; path = E1.HelloWorldTests.xctest; sourceTree = BUILT_PRODUCTS_DIR; };
		3113828F1A53A85D0004F895 /* Info.plist */ = {isa = PBXFileReference; lastKnownFileType = text.plist.xml; path = Info.plist; sourceTree = "<group>"; };
		311382901A53A85D0004F895 /* E1_HelloWorldTests.m */ = {isa = PBXFileReference; lastKnownFileType = sourcecode.c.objc; path = E1_HelloWorldTests.m; sourceTree = "<group>"; };
/* End PBXFileReference section */

/* Begin PBXFrameworksBuildPhase section */
		3113826E1A53A85D0004F895 /* Frameworks */ = {
			isa = PBXFrameworksBuildPhase;
			buildActionMask = 2147483647;
			files = (
			);
			runOnlyForDeploymentPostprocessing = 0;
		};
		311382871A53A85D0004F895 /* Frameworks */ = {
			isa = PBXFrameworksBuildPhase;
			buildActionMask = 2147483647;
			files = (
			);
			runOnlyForDeploymentPostprocessing = 0;
		};
/* End PBXFrameworksBuildPhase section */

/* Begin PBXGroup section */
		311382681A53A85D0004F895 = {
			isa = PBXGroup;
			children = (
				311382731A53A85D0004F895 /* E1.HelloWorld */,
				3113828D1A53A85D0004F895 /* E1.HelloWorldTests */,
				311382721A53A85D0004F895 /* Products */,
			);
			sourceTree = "<group>";
		};
		311382721A53A85D0004F895 /* Products */ = {
			isa = PBXGroup;
			children = (
				311382711A53A85D0004F895 /* E1.HelloWorld.app */,
				3113828A1A53A85D0004F895 /* E1.HelloWorldTests.xctest */,
			);
			name = Products;
			sourceTree = "<group>";
		};
		311382731A53A85D0004F895 /* E1.HelloWorld */ = {
			isa = PBXGroup;
			children = (
				311382781A53A85D0004F895 /* AppDelegate.h */,
				311382791A53A85D0004F895 /* AppDelegate.m */,
				3113827B1A53A85D0004F895 /* ViewController.h */,
				3113827C1A53A85D0004F895 /* ViewController.m */,
				3113827E1A53A85D0004F895 /* Main.storyboard */,
				311382811A53A85D0004F895 /* Images.xcassets */,
				311382831A53A85D0004F895 /* LaunchScreen.xib */,
				311382741A53A85D0004F895 /* Supporting Files */,
			);
			path = E1.HelloWorld;
			sourceTree = "<group>";
		};
		311382741A53A85D0004F895 /* Supporting Files */ = {
			isa = PBXGroup;
			children = (
				311382751A53A85D0004F895 /* Info.plist */,
				311382761A53A85D0004F895 /* main.m */,
			);
			name = "Supporting Files";
			sourceTree = "<group>";
		};
		3113828D1A53A85D0004F895 /* E1.HelloWorldTests */ = {
			isa = PBXGroup;
			children = (
				311382901A53A85D0004F895 /* E1_HelloWorldTests.m */,
				3113828E1A53A85D0004F895 /* Supporting Files */,
			);
			path = E1.HelloWorldTests;
			sourceTree = "<group>";
		};
		3113828E1A53A85D0004F895 /* Supporting Files */ = {
			isa = PBXGroup;
			children = (
				3113828F1A53A85D0004F895 /* Info.plist */,
			);
			name = "Supporting Files";
			sourceTree = "<group>";
		};
/* End PBXGroup section */

/* Begin PBXNativeTarget section */
		311382701A53A85D0004F895 /* E1.HelloWorld */ = {
			isa = PBXNativeTarget;
			buildConfigurationList = 311382941A53A85D0004F895 /* Build configuration list for PBXNativeTarget "E1.HelloWorld" */;
			buildPhases = (
				3113826D1A53A85D0004F895 /* Sources */,
				3113826E1A53A85D0004F895 /* Frameworks */,
				3113826F1A53A85D0004F895 /* Resources */,
			);
			buildRules = (
			);
			dependencies = (
			);
			name = E1.HelloWorld;
			productName = E1.HelloWorld;
			productReference = 311382711A53A85D0004F895 /* E1.HelloWorld.app */;
			productType = "com.apple.product-type.application";
		};
		311382891A53A85D0004F895 /* E1.HelloWorldTests */ = {
			isa = PBXNativeTarget;
			buildConfigurationList = 311382971A53A85D0004F895 /* Build configuration list for PBXNativeTarget "E1.HelloWorldTests" */;
			buildPhases = (
				311382861A53A85D0004F895 /* Sources */,
				311382871A53A85D0004F895 /* Frameworks */,
				311382881A53A85D0004F895 /* Resources */,
			);
			buildRules = (
			);
			dependencies = (
				3113828C1A53A85D0004F895 /* PBXTargetDependency */,
			);
			name = E1.HelloWorldTests;
			productName = E1.HelloWorldTests;
			productReference = 3113828A1A53A85D0004F895 /* E1.HelloWorldTests.xctest */;
			productType = "com.apple.product-type.bundle.unit-test";
		};
/* End PBXNativeTarget section */

/* Begin PBXProject section */
		311382691A53A85D0004F895 /* Project object */ = {
			isa = PBXProject;
			attributes = {
				LastUpgradeCheck = 0610;
				ORGANIZATIONNAME = MYGOD;
				TargetAttributes = {
					311382701A53A85D0004F895 = {
						CreatedOnToolsVersion = 6.1.1;
					};
					311382891A53A85D0004F895 = {
						CreatedOnToolsVersion = 6.1.1;
						TestTargetID = 311382701A53A85D0004F895;
					};
				};
			};
			buildConfigurationList = 3113826C1A53A85D0004F895 /* Build configuration list for PBXProject "E1.HelloWorld" */;
			compatibilityVersion = "Xcode 3.2";
			developmentRegion = English;
			hasScannedForEncodings = 0;
			knownRegions = (
				en,
				Base,
			);
			mainGroup = 311382681A53A85D0004F895;
			productRefGroup = 311382721A53A85D0004F895 /* Products */;
			projectDirPath = "";
			projectRoot = "";
			targets = (
				311382701A53A85D0004F895 /* E1.HelloWorld */,
				311382891A53A85D0004F895 /* E1.HelloWorldTests */,
			);
		};
/* End PBXProject section */

/* Begin PBXResourcesBuildPhase section */
		3113826F1A53A85D0004F895 /* Resources */ = {
			isa = PBXResourcesBuildPhase;
			buildActionMask = 2147483647;
			files = (
				311382801A53A85D0004F895 /* Main.storyboard in Resources */,
				311382851A53A85D0004F895 /* LaunchScreen.xib in Resources */,
				311382821A53A85D0004F895 /* Images.xcassets in Resources */,
			);
			runOnlyForDeploymentPostprocessing = 0;
		};
		311382881A53A85D0004F895 /* Resources */ = {
			isa = PBXResourcesBuildPhase;
			buildActionMask = 2147483647;
			files = (
			);
			runOnlyForDeploymentPostprocessing = 0;
		};
/* End PBXResourcesBuildPhase section */

/* Begin PBXSourcesBuildPhase section */
		3113826D1A53A85D0004F895 /* Sources */ = {
			isa = PBXSourcesBuildPhase;
			buildActionMask = 2147483647;
			files = (
				3113827D1A53A85D0004F895 /* ViewController.m in Sources */,
				3113827A1A53A85D0004F895 /* AppDelegate.m in Sources */,
				311382771A53A85D0004F895 /* main.m in Sources */,
			);
			runOnlyForDeploymentPostprocessing = 0;
		};
		311382861A53A85D0004F895 /* Sources */ = {
			isa = PBXSourcesBuildPhase;
			buildActionMask = 2147483647;
			files = (
				311382911A53A85D0004F895 /* E1_HelloWorldTests.m in Sources */,
			);
			runOnlyForDeploymentPostprocessing = 0;
		};
/* End PBXSourcesBuildPhase section */

/* Begin PBXTargetDependency section */
		3113828C1A53A85D0004F895 /* PBXTargetDependency */ = {
			isa = PBXTargetDependency;
			target = 311382701A53A85D0004F895 /* E1.HelloWorld */;
			targetProxy = 3113828B1A53A85D0004F895 /* PBXContainerItemProxy */;
		};
/* End PBXTargetDependency section */

/* Begin PBXVariantGroup section */
		3113827E1A53A85D0004F895 /* Main.storyboard */ = {
			isa = PBXVariantGroup;
			children = (
				3113827F1A53A85D0004F895 /* Base */,
			);
			name = Main.storyboard;
			sourceTree = "<group>";
		};
		311382831A53A85D0004F895 /* LaunchScreen.xib */ = {
			isa = PBXVariantGroup;
			children = (
				311382841A53A85D0004F895 /* Base */,
			);
			name = LaunchScreen.xib;
			sourceTree = "<group>";
		};
/* End PBXVariantGroup section */

/* Begin XCBuildConfiguration section */
		311382921A53A85D0004F895 /* Debug */ = {
			isa = XCBuildConfiguration;
			buildSettings = {
				ALWAYS_SEARCH_USER_PATHS = NO;
				CLANG_CXX_LANGUAGE_STANDARD = "gnu++0x";
				CLANG_CXX_LIBRARY = "libc++";
				CLANG_ENABLE_MODULES = YES;
				CLANG_ENABLE_OBJC_ARC = YES;
				CLANG_WARN_BOOL_CONVERSION = YES;
				CLANG_WARN_CONSTANT_CONVERSION = YES;
				CLANG_WARN_DIRECT_OBJC_ISA_USAGE = YES_ERROR;
				CLANG_WARN_EMPTY_BODY = YES;
				CLANG_WARN_ENUM_CONVERSION = YES;
				CLANG_WARN_INT_CONVERSION = YES;
				CLANG_WARN_OBJC_ROOT_CLASS = YES_ERROR;
				CLANG_WARN_UNREACHABLE_CODE = YES;
				CLANG_WARN__DUPLICATE_METHOD_MATCH = YES;
				"CODE_SIGN_IDENTITY[sdk=iphoneos*]" = "iPhone Developer";
				COPY_PHASE_STRIP = NO;
				ENABLE_STRICT_OBJC_MSGSEND = YES;
				GCC_C_LANGUAGE_STANDARD = gnu99;
				GCC_DYNAMIC_NO_PIC = NO;
				GCC_OPTIMIZATION_LEVEL = 0;
				GCC_PREPROCESSOR_DEFINITIONS = (
					"DEBUG=1",
					"$(inherited)",
				);
				GCC_SYMBOLS_PRIVATE_EXTERN = NO;
				GCC_WARN_64_TO_32_BIT_CONVERSION = YES;
				GCC_WARN_ABOUT_RETURN_TYPE = YES_ERROR;
				GCC_WARN_UNDECLARED_SELECTOR = YES;
				GCC_WARN_UNINITIALIZED_AUTOS = YES_AGGRESSIVE;
				GCC_WARN_UNUSED_FUNCTION = YES;
				GCC_WARN_UNUSED_VARIABLE = YES;
				IPHONEOS_DEPLOYMENT_TARGET = 8.1;
				MTL_ENABLE_DEBUG_INFO = YES;
				ONLY_ACTIVE_ARCH = YES;
				SDKROOT = iphoneos;
			};
			name = Debug;
		};
		311382931A53A85D0004F895 /* Release */ = {
			isa = XCBuildConfiguration;
			buildSettings = {
				ALWAYS_SEARCH_USER_PATHS = NO;
				CLANG_CXX_LANGUAGE_STANDARD = "gnu++0x";
				CLANG_CXX_LIBRARY = "libc++";
				CLANG_ENABLE_MODULES = YES;
				CLANG_ENABLE_OBJC_ARC = YES;
				CLANG_WARN_BOOL_CONVERSION = YES;
				CLANG_WARN_CONSTANT_CONVERSION = YES;
				CLANG_WARN_DIRECT_OBJC_ISA_USAGE = YES_ERROR;
				CLANG_WARN_EMPTY_BODY = YES;
				CLANG_WARN_ENUM_CONVERSION = YES;
				CLANG_WARN_INT_CONVERSION = YES;
				CLANG_WARN_OBJC_ROOT_CLASS = YES_ERROR;
				CLANG_WARN_UNREACHABLE_CODE = YES;
				CLANG_WARN__DUPLICATE_METHOD_MATCH = YES;
				"CODE_SIGN_IDENTITY[sdk=iphoneos*]" = "iPhone Developer";
				COPY_PHASE_STRIP = YES;
				ENABLE_NS_ASSERTIONS = NO;
				ENABLE_STRICT_OBJC_MSGSEND = YES;
				GCC_C_LANGUAGE_STANDARD = gnu99;
				GCC_WARN_64_TO_32_BIT_CONVERSION = YES;
				GCC_WARN_ABOUT_RETURN_TYPE = YES_ERROR;
				GCC_WARN_UNDECLARED_SELECTOR = YES;
				GCC_WARN_UNINITIALIZED_AUTOS = YES_AGGRESSIVE;
				GCC_WARN_UNUSED_FUNCTION = YES;
				GCC_WARN_UNUSED_VARIABLE = YES;
				IPHONEOS_DEPLOYMENT_TARGET = 8.1;
				MTL_ENABLE_DEBUG_INFO = NO;
				SDKROOT = iphoneos;
				VALIDATE_PRODUCT = YES;
			};
			name = Release;
		};
		311382951A53A85D0004F895 /* Debug */ = {
			isa = XCBuildConfiguration;
			buildSettings = {
				ASSETCATALOG_COMPILER_APPICON_NAME = AppIcon;
				INFOPLIST_FILE = E1.HelloWorld/Info.plist;
				LD_RUNPATH_SEARCH_PATHS = "$(inherited) @executable_path/Frameworks";
				PRODUCT_NAME = "$(TARGET_NAME)";
			};
			name = Debug;
		};
		311382961A53A85D0004F895 /* Release */ = {
			isa = XCBuildConfiguration;
			buildSettings = {
				ASSETCATALOG_COMPILER_APPICON_NAME = AppIcon;
				INFOPLIST_FILE = E1.HelloWorld/Info.plist;
				LD_RUNPATH_SEARCH_PATHS = "$(inherited) @executable_path/Frameworks";
				PRODUCT_NAME = "$(TARGET_NAME)";
			};
			name = Release;
		};
		311382981A53A85D0004F895 /* Debug */ = {
			isa = XCBuildConfiguration;
			buildSettings = {
				BUNDLE_LOADER = "$(TEST_HOST)";
				FRAMEWORK_SEARCH_PATHS = (
					"$(SDKROOT)/Developer/Library/Frameworks",
					"$(inherited)",
				);
				GCC_PREPROCESSOR_DEFINITIONS = (
					"DEBUG=1",
					"$(inherited)",
				);
				INFOPLIST_FILE = E1.HelloWorldTests/Info.plist;
				LD_RUNPATH_SEARCH_PATHS = "$(inherited) @executable_path/Frameworks @loader_path/Frameworks";
				PRODUCT_NAME = "$(TARGET_NAME)";
				TEST_HOST = "$(BUILT_PRODUCTS_DIR)/E1.HelloWorld.app/E1.HelloWorld";
			};
			name = Debug;
		};
		311382991A53A85D0004F895 /* Release */ = {
			isa = XCBuildConfiguration;
			buildSettings = {
				BUNDLE_LOADER = "$(TEST_HOST)";
				FRAMEWORK_SEARCH_PATHS = (
					"$(SDKROOT)/Developer/Library/Frameworks",
					"$(inherited)",
				);
				INFOPLIST_FILE = E1.HelloWorldTests/Info.plist;
				LD_RUNPATH_SEARCH_PATHS = "$(inherited) @executable_path/Frameworks @loader_path/Frameworks";
				PRODUCT_NAME = "$(TARGET_NAME)";
				TEST_HOST = "$(BUILT_PRODUCTS_DIR)/E1.HelloWorld.app/E1.HelloWorld";
			};
			name = Release;
		};
/* End XCBuildConfiguration section */

/* Begin XCConfigurationList section */
		3113826C1A53A85D0004F895 /* Build configuration list for PBXProject "E1.HelloWorld" */ = {
			isa = XCConfigurationList;
			buildConfigurations = (
				311382921A53A85D0004F895 /* Debug */,
				311382931A53A85D0004F895 /* Release */,
			);
			defaultConfigurationIsVisible = 0;
			defaultConfigurationName = Release;
		};
		311382941A53A85D0004F895 /* Build configuration list for PBXNativeTarget "E1.HelloWorld" */ = {
			isa = XCConfigurationList;
			buildConfigurations = (
				311382951A53A85D0004F895 /* Debug */,
				311382961A53A85D0004F895 /* Release */,
			);
			defaultConfigurationIsVisible = 0;
			defaultConfigurationName = Release;
		};
		311382971A53A85D0004F895 /* Build configuration list for PBXNativeTarget "E1.HelloWorldTests" */ = {
			isa = XCConfigurationList;
			buildConfigurations = (
				311382981A53A85D0004F895 /* Debug */,
				311382991A53A85D0004F895 /* Release */,
			);
			defaultConfigurationIsVisible = 0;
			defaultConfigurationName = Release;
		};
/* End XCConfigurationList section */
	};
	rootObject = 311382691A53A85D0004F895 /* Project object */;
}
