// !$*UTF8*$!
{
	archiveVersion = 1;
	classes = {
	};
	objectVersion = 46;
	objects = {

/* Begin PBXBuildFile section */
		311276331A5D75B000320062 /* MyTableView.m in Sources */ = {isa = PBXBuildFile; fileRef = 311276321A5D75B000320062 /* MyTableView.m */; };
		3123F9B51A5BD21800796F39 /* main.m in Sources */ = {isa = PBXBuildFile; fileRef = 3123F9B41A5BD21800796F39 /* main.m */; };
		3123F9B81A5BD21800796F39 /* AppDelegate.m in Sources */ = {isa = PBXBuildFile; fileRef = 3123F9B71A5BD21800796F39 /* AppDelegate.m */; };
		3123F9BB1A5BD21800796F39 /* ViewController.m in Sources */ = {isa = PBXBuildFile; fileRef = 3123F9BA1A5BD21800796F39 /* ViewController.m */; };
		3123F9C01A5BD21800796F39 /* Images.xcassets in Resources */ = {isa = PBXBuildFile; fileRef = 3123F9BF1A5BD21800796F39 /* Images.xcassets */; };
		3123F9C31A5BD21800796F39 /* LaunchScreen.xib in Resources */ = {isa = PBXBuildFile; fileRef = 3123F9C11A5BD21800796F39 /* LaunchScreen.xib */; };
		3123F9CF1A5BD21800796F39 /* E7_RefreshableTableViewTests.m in Sources */ = {isa = PBXBuildFile; fileRef = 3123F9CE1A5BD21800796F39 /* E7_RefreshableTableViewTests.m */; };
		31FBF27F1A60148A007B37E8 /* DTItem.m in Sources */ = {isa = PBXBuildFile; fileRef = 31FBF27E1A60148A007B37E8 /* DTItem.m */; };
		31FBF2811A601F02007B37E8 /* libsqlite3.dylib in Frameworks */ = {isa = PBXBuildFile; fileRef = 31FBF2801A601F02007B37E8 /* libsqlite3.dylib */; };
/* End PBXBuildFile section */

/* Begin PBXContainerItemProxy section */
		3123F9C91A5BD21800796F39 /* PBXContainerItemProxy */ = {
			isa = PBXContainerItemProxy;
			containerPortal = 3123F9A71A5BD21800796F39 /* Project object */;
			proxyType = 1;
			remoteGlobalIDString = 3123F9AE1A5BD21800796F39;
			remoteInfo = E7.RefreshableTableView;
		};
/* End PBXContainerItemProxy section */

/* Begin PBXFileReference section */
		311276311A5D75B000320062 /* MyTableView.h */ = {isa = PBXFileReference; fileEncoding = 4; lastKnownFileType = sourcecode.c.h; path = MyTableView.h; sourceTree = "<group>"; };
		311276321A5D75B000320062 /* MyTableView.m */ = {isa = PBXFileReference; fileEncoding = 4; lastKnownFileType = sourcecode.c.objc; path = MyTableView.m; sourceTree = "<group>"; };
		3123F9AF1A5BD21800796F39 /* E7.RefreshableTableView.app */ = {isa = PBXFileReference; explicitFileType = wrapper.application; includeInIndex = 0; path = E7.RefreshableTableView.app; sourceTree = BUILT_PRODUCTS_DIR; };
		3123F9B31A5BD21800796F39 /* Info.plist */ = {isa = PBXFileReference; lastKnownFileType = text.plist.xml; path = Info.plist; sourceTree = "<group>"; };
		3123F9B41A5BD21800796F39 /* main.m */ = {isa = PBXFileReference; lastKnownFileType = sourcecode.c.objc; path = main.m; sourceTree = "<group>"; };
		3123F9B61A5BD21800796F39 /* AppDelegate.h */ = {isa = PBXFileReference; lastKnownFileType = sourcecode.c.h; path = AppDelegate.h; sourceTree = "<group>"; };
		3123F9B71A5BD21800796F39 /* AppDelegate.m */ = {isa = PBXFileReference; lastKnownFileType = sourcecode.c.objc; path = AppDelegate.m; sourceTree = "<group>"; };
		3123F9B91A5BD21800796F39 /* ViewController.h */ = {isa = PBXFileReference; lastKnownFileType = sourcecode.c.h; path = ViewController.h; sourceTree = "<group>"; };
		3123F9BA1A5BD21800796F39 /* ViewController.m */ = {isa = PBXFileReference; lastKnownFileType = sourcecode.c.objc; path = ViewController.m; sourceTree = "<group>"; };
		3123F9BF1A5BD21800796F39 /* Images.xcassets */ = {isa = PBXFileReference; lastKnownFileType = folder.assetcatalog; path = Images.xcassets; sourceTree = "<group>"; };
		3123F9C21A5BD21800796F39 /* Base */ = {isa = PBXFileReference; lastKnownFileType = file.xib; name = Base; path = Base.lproj/LaunchScreen.xib; sourceTree = "<group>"; };
		3123F9C81A5BD21800796F39 /* E7.RefreshableTableViewTests.xctest */ = {isa = PBXFileReference; explicitFileType = wrapper.cfbundle; includeInIndex = 0; path = E7.RefreshableTableViewTests.xctest; sourceTree = BUILT_PRODUCTS_DIR; };
		3123F9CD1A5BD21800796F39 /* Info.plist */ = {isa = PBXFileReference; lastKnownFileType = text.plist.xml; path = Info.plist; sourceTree = "<group>"; };
		3123F9CE1A5BD21800796F39 /* E7_RefreshableTableViewTests.m */ = {isa = PBXFileReference; lastKnownFileType = sourcecode.c.objc; path = E7_RefreshableTableViewTests.m; sourceTree = "<group>"; };
		31FBF27D1A60148A007B37E8 /* DTItem.h */ = {isa = PBXFileReference; fileEncoding = 4; lastKnownFileType = sourcecode.c.h; path = DTItem.h; sourceTree = "<group>"; };
		31FBF27E1A60148A007B37E8 /* DTItem.m */ = {isa = PBXFileReference; fileEncoding = 4; lastKnownFileType = sourcecode.c.objc; path = DTItem.m; sourceTree = "<group>"; };
		31FBF2801A601F02007B37E8 /* libsqlite3.dylib */ = {isa = PBXFileReference; lastKnownFileType = "compiled.mach-o.dylib"; name = libsqlite3.dylib; path = usr/lib/libsqlite3.dylib; sourceTree = SDKROOT; };
/* End PBXFileReference section */

/* Begin PBXFrameworksBuildPhase section */
		3123F9AC1A5BD21800796F39 /* Frameworks */ = {
			isa = PBXFrameworksBuildPhase;
			buildActionMask = 2147483647;
			files = (
				31FBF2811A601F02007B37E8 /* libsqlite3.dylib in Frameworks */,
			);
			runOnlyForDeploymentPostprocessing = 0;
		};
		3123F9C51A5BD21800796F39 /* Frameworks */ = {
			isa = PBXFrameworksBuildPhase;
			buildActionMask = 2147483647;
			files = (
			);
			runOnlyForDeploymentPostprocessing = 0;
		};
/* End PBXFrameworksBuildPhase section */

/* Begin PBXGroup section */
		3123F9A61A5BD21800796F39 = {
			isa = PBXGroup;
			children = (
				31FBF2801A601F02007B37E8 /* libsqlite3.dylib */,
				3123F9B11A5BD21800796F39 /* E7.RefreshableTableView */,
				3123F9CB1A5BD21800796F39 /* E7.RefreshableTableViewTests */,
				3123F9B01A5BD21800796F39 /* Products */,
			);
			sourceTree = "<group>";
		};
		3123F9B01A5BD21800796F39 /* Products */ = {
			isa = PBXGroup;
			children = (
				3123F9AF1A5BD21800796F39 /* E7.RefreshableTableView.app */,
				3123F9C81A5BD21800796F39 /* E7.RefreshableTableViewTests.xctest */,
			);
			name = Products;
			sourceTree = "<group>";
		};
		3123F9B11A5BD21800796F39 /* E7.RefreshableTableView */ = {
			isa = PBXGroup;
			children = (
				3123F9B61A5BD21800796F39 /* AppDelegate.h */,
				3123F9B71A5BD21800796F39 /* AppDelegate.m */,
				3123F9B91A5BD21800796F39 /* ViewController.h */,
				3123F9BA1A5BD21800796F39 /* ViewController.m */,
				31FBF27D1A60148A007B37E8 /* DTItem.h */,
				31FBF27E1A60148A007B37E8 /* DTItem.m */,
				311276311A5D75B000320062 /* MyTableView.h */,
				311276321A5D75B000320062 /* MyTableView.m */,
				3123F9BF1A5BD21800796F39 /* Images.xcassets */,
				3123F9C11A5BD21800796F39 /* LaunchScreen.xib */,
				3123F9B21A5BD21800796F39 /* Supporting Files */,
			);
			path = E7.RefreshableTableView;
			sourceTree = "<group>";
		};
		3123F9B21A5BD21800796F39 /* Supporting Files */ = {
			isa = PBXGroup;
			children = (
				3123F9B31A5BD21800796F39 /* Info.plist */,
				3123F9B41A5BD21800796F39 /* main.m */,
			);
			name = "Supporting Files";
			sourceTree = "<group>";
		};
		3123F9CB1A5BD21800796F39 /* E7.RefreshableTableViewTests */ = {
			isa = PBXGroup;
			children = (
				3123F9CE1A5BD21800796F39 /* E7_RefreshableTableViewTests.m */,
				3123F9CC1A5BD21800796F39 /* Supporting Files */,
			);
			path = E7.RefreshableTableViewTests;
			sourceTree = "<group>";
		};
		3123F9CC1A5BD21800796F39 /* Supporting Files */ = {
			isa = PBXGroup;
			children = (
				3123F9CD1A5BD21800796F39 /* Info.plist */,
			);
			name = "Supporting Files";
			sourceTree = "<group>";
		};
/* End PBXGroup section */

/* Begin PBXNativeTarget section */
		3123F9AE1A5BD21800796F39 /* E7.RefreshableTableView */ = {
			isa = PBXNativeTarget;
			buildConfigurationList = 3123F9D21A5BD21800796F39 /* Build configuration list for PBXNativeTarget "E7.RefreshableTableView" */;
			buildPhases = (
				3123F9AB1A5BD21800796F39 /* Sources */,
				3123F9AC1A5BD21800796F39 /* Frameworks */,
				3123F9AD1A5BD21800796F39 /* Resources */,
			);
			buildRules = (
			);
			dependencies = (
			);
			name = E7.RefreshableTableView;
			productName = E7.RefreshableTableView;
			productReference = 3123F9AF1A5BD21800796F39 /* E7.RefreshableTableView.app */;
			productType = "com.apple.product-type.application";
		};
		3123F9C71A5BD21800796F39 /* E7.RefreshableTableViewTests */ = {
			isa = PBXNativeTarget;
			buildConfigurationList = 3123F9D51A5BD21800796F39 /* Build configuration list for PBXNativeTarget "E7.RefreshableTableViewTests" */;
			buildPhases = (
				3123F9C41A5BD21800796F39 /* Sources */,
				3123F9C51A5BD21800796F39 /* Frameworks */,
				3123F9C61A5BD21800796F39 /* Resources */,
			);
			buildRules = (
			);
			dependencies = (
				3123F9CA1A5BD21800796F39 /* PBXTargetDependency */,
			);
			name = E7.RefreshableTableViewTests;
			productName = E7.RefreshableTableViewTests;
			productReference = 3123F9C81A5BD21800796F39 /* E7.RefreshableTableViewTests.xctest */;
			productType = "com.apple.product-type.bundle.unit-test";
		};
/* End PBXNativeTarget section */

/* Begin PBXProject section */
		3123F9A71A5BD21800796F39 /* Project object */ = {
			isa = PBXProject;
			attributes = {
				LastUpgradeCheck = 0610;
				ORGANIZATIONNAME = MYGOD;
				TargetAttributes = {
					3123F9AE1A5BD21800796F39 = {
						CreatedOnToolsVersion = 6.1.1;
					};
					3123F9C71A5BD21800796F39 = {
						CreatedOnToolsVersion = 6.1.1;
						TestTargetID = 3123F9AE1A5BD21800796F39;
					};
				};
			};
			buildConfigurationList = 3123F9AA1A5BD21800796F39 /* Build configuration list for PBXProject "E7.RefreshableTableView" */;
			compatibilityVersion = "Xcode 3.2";
			developmentRegion = English;
			hasScannedForEncodings = 0;
			knownRegions = (
				en,
				Base,
			);
			mainGroup = 3123F9A61A5BD21800796F39;
			productRefGroup = 3123F9B01A5BD21800796F39 /* Products */;
			projectDirPath = "";
			projectRoot = "";
			targets = (
				3123F9AE1A5BD21800796F39 /* E7.RefreshableTableView */,
				3123F9C71A5BD21800796F39 /* E7.RefreshableTableViewTests */,
			);
		};
/* End PBXProject section */

/* Begin PBXResourcesBuildPhase section */
		3123F9AD1A5BD21800796F39 /* Resources */ = {
			isa = PBXResourcesBuildPhase;
			buildActionMask = 2147483647;
			files = (
				3123F9C31A5BD21800796F39 /* LaunchScreen.xib in Resources */,
				3123F9C01A5BD21800796F39 /* Images.xcassets in Resources */,
			);
			runOnlyForDeploymentPostprocessing = 0;
		};
		3123F9C61A5BD21800796F39 /* Resources */ = {
			isa = PBXResourcesBuildPhase;
			buildActionMask = 2147483647;
			files = (
			);
			runOnlyForDeploymentPostprocessing = 0;
		};
/* End PBXResourcesBuildPhase section */

/* Begin PBXSourcesBuildPhase section */
		3123F9AB1A5BD21800796F39 /* Sources */ = {
			isa = PBXSourcesBuildPhase;
			buildActionMask = 2147483647;
			files = (
				3123F9BB1A5BD21800796F39 /* ViewController.m in Sources */,
				311276331A5D75B000320062 /* MyTableView.m in Sources */,
				3123F9B81A5BD21800796F39 /* AppDelegate.m in Sources */,
				3123F9B51A5BD21800796F39 /* main.m in Sources */,
				31FBF27F1A60148A007B37E8 /* DTItem.m in Sources */,
			);
			runOnlyForDeploymentPostprocessing = 0;
		};
		3123F9C41A5BD21800796F39 /* Sources */ = {
			isa = PBXSourcesBuildPhase;
			buildActionMask = 2147483647;
			files = (
				3123F9CF1A5BD21800796F39 /* E7_RefreshableTableViewTests.m in Sources */,
			);
			runOnlyForDeploymentPostprocessing = 0;
		};
/* End PBXSourcesBuildPhase section */

/* Begin PBXTargetDependency section */
		3123F9CA1A5BD21800796F39 /* PBXTargetDependency */ = {
			isa = PBXTargetDependency;
			target = 3123F9AE1A5BD21800796F39 /* E7.RefreshableTableView */;
			targetProxy = 3123F9C91A5BD21800796F39 /* PBXContainerItemProxy */;
		};
/* End PBXTargetDependency section */

/* Begin PBXVariantGroup section */
		3123F9C11A5BD21800796F39 /* LaunchScreen.xib */ = {
			isa = PBXVariantGroup;
			children = (
				3123F9C21A5BD21800796F39 /* Base */,
			);
			name = LaunchScreen.xib;
			sourceTree = "<group>";
		};
/* End PBXVariantGroup section */

/* Begin XCBuildConfiguration section */
		3123F9D01A5BD21800796F39 /* Debug */ = {
			isa = XCBuildConfiguration;
			buildSettings = {
				ALWAYS_SEARCH_USER_PATHS = NO;
				CLANG_CXX_LANGUAGE_STANDARD = "gnu++0x";
				CLANG_CXX_LIBRARY = "libc++";
				CLANG_ENABLE_MODULES = YES;
				CLANG_ENABLE_OBJC_ARC = YES;
				CLANG_WARN_BOOL_CONVERSION = YES;
				CLANG_WARN_CONSTANT_CONVERSION = YES;
				CLANG_WARN_DIRECT_OBJC_ISA_USAGE = YES_ERROR;
				CLANG_WARN_EMPTY_BODY = YES;
				CLANG_WARN_ENUM_CONVERSION = YES;
				CLANG_WARN_INT_CONVERSION = YES;
				CLANG_WARN_OBJC_ROOT_CLASS = YES_ERROR;
				CLANG_WARN_UNREACHABLE_CODE = YES;
				CLANG_WARN__DUPLICATE_METHOD_MATCH = YES;
				"CODE_SIGN_IDENTITY[sdk=iphoneos*]" = "iPhone Developer";
				COPY_PHASE_STRIP = NO;
				ENABLE_STRICT_OBJC_MSGSEND = YES;
				GCC_C_LANGUAGE_STANDARD = gnu99;
				GCC_DYNAMIC_NO_PIC = NO;
				GCC_OPTIMIZATION_LEVEL = 0;
				GCC_PREPROCESSOR_DEFINITIONS = (
					"DEBUG=1",
					"$(inherited)",
				);
				GCC_SYMBOLS_PRIVATE_EXTERN = NO;
				GCC_WARN_64_TO_32_BIT_CONVERSION = YES;
				GCC_WARN_ABOUT_RETURN_TYPE = YES_ERROR;
				GCC_WARN_UNDECLARED_SELECTOR = YES;
				GCC_WARN_UNINITIALIZED_AUTOS = YES_AGGRESSIVE;
				GCC_WARN_UNUSED_FUNCTION = YES;
				GCC_WARN_UNUSED_VARIABLE = YES;
				IPHONEOS_DEPLOYMENT_TARGET = 8.1;
				MTL_ENABLE_DEBUG_INFO = YES;
				ONLY_ACTIVE_ARCH = YES;
				SDKROOT = iphoneos;
			};
			name = Debug;
		};
		3123F9D11A5BD21800796F39 /* Release */ = {
			isa = XCBuildConfiguration;
			buildSettings = {
				ALWAYS_SEARCH_USER_PATHS = NO;
				CLANG_CXX_LANGUAGE_STANDARD = "gnu++0x";
				CLANG_CXX_LIBRARY = "libc++";
				CLANG_ENABLE_MODULES = YES;
				CLANG_ENABLE_OBJC_ARC = YES;
				CLANG_WARN_BOOL_CONVERSION = YES;
				CLANG_WARN_CONSTANT_CONVERSION = YES;
				CLANG_WARN_DIRECT_OBJC_ISA_USAGE = YES_ERROR;
				CLANG_WARN_EMPTY_BODY = YES;
				CLANG_WARN_ENUM_CONVERSION = YES;
				CLANG_WARN_INT_CONVERSION = YES;
				CLANG_WARN_OBJC_ROOT_CLASS = YES_ERROR;
				CLANG_WARN_UNREACHABLE_CODE = YES;
				CLANG_WARN__DUPLICATE_METHOD_MATCH = YES;
				"CODE_SIGN_IDENTITY[sdk=iphoneos*]" = "iPhone Developer";
				COPY_PHASE_STRIP = YES;
				ENABLE_NS_ASSERTIONS = NO;
				ENABLE_STRICT_OBJC_MSGSEND = YES;
				GCC_C_LANGUAGE_STANDARD = gnu99;
				GCC_WARN_64_TO_32_BIT_CONVERSION = YES;
				GCC_WARN_ABOUT_RETURN_TYPE = YES_ERROR;
				GCC_WARN_UNDECLARED_SELECTOR = YES;
				GCC_WARN_UNINITIALIZED_AUTOS = YES_AGGRESSIVE;
				GCC_WARN_UNUSED_FUNCTION = YES;
				GCC_WARN_UNUSED_VARIABLE = YES;
				IPHONEOS_DEPLOYMENT_TARGET = 8.1;
				MTL_ENABLE_DEBUG_INFO = NO;
				SDKROOT = iphoneos;
				VALIDATE_PRODUCT = YES;
			};
			name = Release;
		};
		3123F9D31A5BD21800796F39 /* Debug */ = {
			isa = XCBuildConfiguration;
			buildSettings = {
				ASSETCATALOG_COMPILER_APPICON_NAME = AppIcon;
				INFOPLIST_FILE = E7.RefreshableTableView/Info.plist;
				LD_RUNPATH_SEARCH_PATHS = "$(inherited) @executable_path/Frameworks";
				PRODUCT_NAME = "$(TARGET_NAME)";
			};
			name = Debug;
		};
		3123F9D41A5BD21800796F39 /* Release */ = {
			isa = XCBuildConfiguration;
			buildSettings = {
				ASSETCATALOG_COMPILER_APPICON_NAME = AppIcon;
				INFOPLIST_FILE = E7.RefreshableTableView/Info.plist;
				LD_RUNPATH_SEARCH_PATHS = "$(inherited) @executable_path/Frameworks";
				PRODUCT_NAME = "$(TARGET_NAME)";
			};
			name = Release;
		};
		3123F9D61A5BD21800796F39 /* Debug */ = {
			isa = XCBuildConfiguration;
			buildSettings = {
				BUNDLE_LOADER = "$(TEST_HOST)";
				FRAMEWORK_SEARCH_PATHS = (
					"$(SDKROOT)/Developer/Library/Frameworks",
					"$(inherited)",
				);
				GCC_PREPROCESSOR_DEFINITIONS = (
					"DEBUG=1",
					"$(inherited)",
				);
				INFOPLIST_FILE = E7.RefreshableTableViewTests/Info.plist;
				LD_RUNPATH_SEARCH_PATHS = "$(inherited) @executable_path/Frameworks @loader_path/Frameworks";
				PRODUCT_NAME = "$(TARGET_NAME)";
				TEST_HOST = "$(BUILT_PRODUCTS_DIR)/E7.RefreshableTableView.app/E7.RefreshableTableView";
			};
			name = Debug;
		};
		3123F9D71A5BD21800796F39 /* Release */ = {
			isa = XCBuildConfiguration;
			buildSettings = {
				BUNDLE_LOADER = "$(TEST_HOST)";
				FRAMEWORK_SEARCH_PATHS = (
					"$(SDKROOT)/Developer/Library/Frameworks",
					"$(inherited)",
				);
				INFOPLIST_FILE = E7.RefreshableTableViewTests/Info.plist;
				LD_RUNPATH_SEARCH_PATHS = "$(inherited) @executable_path/Frameworks @loader_path/Frameworks";
				PRODUCT_NAME = "$(TARGET_NAME)";
				TEST_HOST = "$(BUILT_PRODUCTS_DIR)/E7.RefreshableTableView.app/E7.RefreshableTableView";
			};
			name = Release;
		};
/* End XCBuildConfiguration section */

/* Begin XCConfigurationList section */
		3123F9AA1A5BD21800796F39 /* Build configuration list for PBXProject "E7.RefreshableTableView" */ = {
			isa = XCConfigurationList;
			buildConfigurations = (
				3123F9D01A5BD21800796F39 /* Debug */,
				3123F9D11A5BD21800796F39 /* Release */,
			);
			defaultConfigurationIsVisible = 0;
			defaultConfigurationName = Release;
		};
		3123F9D21A5BD21800796F39 /* Build configuration list for PBXNativeTarget "E7.RefreshableTableView" */ = {
			isa = XCConfigurationList;
			buildConfigurations = (
				3123F9D31A5BD21800796F39 /* Debug */,
				3123F9D41A5BD21800796F39 /* Release */,
			);
			defaultConfigurationIsVisible = 0;
			defaultConfigurationName = Release;
		};
		3123F9D51A5BD21800796F39 /* Build configuration list for PBXNativeTarget "E7.RefreshableTableViewTests" */ = {
			isa = XCConfigurationList;
			buildConfigurations = (
				3123F9D61A5BD21800796F39 /* Debug */,
				3123F9D71A5BD21800796F39 /* Release */,
			);
			defaultConfigurationIsVisible = 0;
			defaultConfigurationName = Release;
		};
/* End XCConfigurationList section */
	};
	rootObject = 3123F9A71A5BD21800796F39 /* Project object */;
}
